
Microsoft Visual Studio Solution File, Format Version 12.00
# Visual Studio Version 16
VisualStudioVersion = 16.0.30503.244
MinimumVisualStudioVersion = 10.0.40219.1
Project("{FAE04EC0-301F-11D3-BF4B-00C04F79EFBC}") = "CensusCore", "Census\CensusCore.csproj", "{0FDA1C2A-C6E7-488E-BC82-09CEA4BC6507}"
EndProject
Project("{FAE04EC0-301F-11D3-BF4B-00C04F79EFBC}") = "CensusAPI", "CensusAPI\CensusAPI.csproj", "{6801E9F5-F074-4538-8BB9-DBC2C3E79726}"
EndProject
Global
	GlobalSection(SolutionConfigurationPlatforms) = preSolution
		Debug|Any CPU = Debug|Any CPU
		Release|Any CPU = Release|Any CPU
	EndGlobalSection
	GlobalSection(ProjectConfigurationPlatforms) = postSolution
		{0FDA1C2A-C6E7-488E-BC82-09CEA4BC6507}.Debug|Any CPU.ActiveCfg = Debug|Any CPU
		{0FDA1C2A-C6E7-488E-BC82-09CEA4BC6507}.Debug|Any CPU.Build.0 = Debug|Any CPU
		{0FDA1C2A-C6E7-488E-BC82-09CEA4BC6507}.Release|Any CPU.ActiveCfg = Release|Any CPU
		{0FDA1C2A-C6E7-488E-BC82-09CEA4BC6507}.Release|Any CPU.Build.0 = Release|Any CPU
		{6801E9F5-F074-4538-8BB9-DBC2C3E79726}.Debug|Any CPU.ActiveCfg = Debug|Any CPU
		{6801E9F5-F074-4538-8BB9-DBC2C3E79726}.Debug|Any CPU.Build.0 = Debug|Any CPU
		{6801E9F5-F074-4538-8BB9-DBC2C3E79726}.Release|Any CPU.ActiveCfg = Release|Any CPU
		{6801E9F5-F074-4538-8BB9-DBC2C3E79726}.Release|Any CPU.Build.0 = Release|Any CPU
	EndGlobalSection
	GlobalSection(SolutionProperties) = preSolution
		HideSolutionNode = FALSE
	EndGlobalSection
	GlobalSection(ExtensibilityGlobals) = postSolution
		SolutionGuid = {48449BB0-F1BE-4959-A1D9-295BCDB389A0}
	EndGlobalSection
EndGlobal
